
Microsoft Visual Studio Solution File, Format Version 12.00
# Visual Studio Version 17
VisualStudioVersion = 17.3.32929.385
MinimumVisualStudioVersion = 10.0.40219.1
Project("{FAE04EC0-301F-11D3-BF4B-00C04F79EFBC}") = "WindowsApp", "WindowsApp\WindowsApp.csproj", "{C315E89B-4272-445C-8731-5BE3B900D9F5}"
EndProject
Project("{FAE04EC0-301F-11D3-BF4B-00C04F79EFBC}") = "Entidades", "Entidades\Entidades.csproj", "{A63E2D35-4DA7-4D7B-BA60-56908E3ACFF6}"
EndProject
Project("{2150E333-8FDC-42A3-9474-1A3956D46DE8}") = "Elementos de la solución", "Elementos de la solución", "{5224ECB4-4E2D-4C56-8471-BC7D28C7F5E1}"
	ProjectSection(SolutionItems) = preProject
		TextFile1.txt = TextFile1.txt
	EndProjectSection
EndProject
Project("{FAE04EC0-301F-11D3-BF4B-00C04F79EFBC}") = "Negocio", "Negocio\Negocio.csproj", "{50963C94-53DB-49C7-8021-DA2265C98753}"
EndProject
Global
	GlobalSection(SolutionConfigurationPlatforms) = preSolution
		Debug|Any CPU = Debug|Any CPU
		Release|Any CPU = Release|Any CPU
	EndGlobalSection
	GlobalSection(ProjectConfigurationPlatforms) = postSolution
		{C315E89B-4272-445C-8731-5BE3B900D9F5}.Debug|Any CPU.ActiveCfg = Debug|Any CPU
		{C315E89B-4272-445C-8731-5BE3B900D9F5}.Debug|Any CPU.Build.0 = Debug|Any CPU
		{C315E89B-4272-445C-8731-5BE3B900D9F5}.Release|Any CPU.ActiveCfg = Release|Any CPU
		{C315E89B-4272-445C-8731-5BE3B900D9F5}.Release|Any CPU.Build.0 = Release|Any CPU
		{A63E2D35-4DA7-4D7B-BA60-56908E3ACFF6}.Debug|Any CPU.ActiveCfg = Debug|Any CPU
		{A63E2D35-4DA7-4D7B-BA60-56908E3ACFF6}.Debug|Any CPU.Build.0 = Debug|Any CPU
		{A63E2D35-4DA7-4D7B-BA60-56908E3ACFF6}.Release|Any CPU.ActiveCfg = Release|Any CPU
		{A63E2D35-4DA7-4D7B-BA60-56908E3ACFF6}.Release|Any CPU.Build.0 = Release|Any CPU
		{50963C94-53DB-49C7-8021-DA2265C98753}.Debug|Any CPU.ActiveCfg = Debug|Any CPU
		{50963C94-53DB-49C7-8021-DA2265C98753}.Debug|Any CPU.Build.0 = Debug|Any CPU
		{50963C94-53DB-49C7-8021-DA2265C98753}.Release|Any CPU.ActiveCfg = Release|Any CPU
		{50963C94-53DB-49C7-8021-DA2265C98753}.Release|Any CPU.Build.0 = Release|Any CPU
	EndGlobalSection
	GlobalSection(SolutionProperties) = preSolution
		HideSolutionNode = FALSE
	EndGlobalSection
	GlobalSection(ExtensibilityGlobals) = postSolution
		SolutionGuid = {61F918A6-0EE1-448D-8FBB-34EE26F7AC40}
	EndGlobalSection
EndGlobal
